<?xml version="1.0" encoding="utf-8"?>
<Project ToolsVersion="4.0" xmlns="http://schemas.microsoft.com/developer/msbuild/2003">
  <ItemGroup>
    <Filter Include="Init">
      <UniqueIdentifier>{4265cd96-ae77-4546-bb00-d5baf8041dfa}</UniqueIdentifier>
    </Filter>
    <Filter Include="Debug">
      <UniqueIdentifier>{ffe1af0e-9bcf-4d9d-b28e-eac2adbf84f4}</UniqueIdentifier>
    </Filter>
  </ItemGroup>
  <ItemGroup>
    <ClCompile Include="entry.cpp">
      <Filter>Init</Filter>
    </ClCompile>
    <ClCompile Include="main.cpp">
      <Filter>Init</Filter>
    </ClCompile>
    <ClCompile Include="DebugDisplay.cpp">
      <Filter>Debug</Filter>
    </ClCompile>
    <ClCompile Include="exception.cpp" />
    <ClCompile Include="panic.cpp" />
  </ItemGroup>
  <ItemGroup>
    <ClInclude Include="DebugDisplay.h">
      <Filter>Debug</Filter>
    </ClInclude>
    <ClInclude Include="exception.h" />
  </ItemGroup>
  <ItemGroup>
    <ResourceCompile Include="Resource.rc" />
  </ItemGroup>
</Project>